{
  "originHash" : "08463f260f414eb3510676387224edbd265ad4bb40c170c1c45452fb30d79ec9",
  "pins" : [
    {
      "identity" : "eudi-lib-ios-iso18013-data-model",
      "kind" : "remoteSourceControl",
      "location" : "https://github.com/niscy-eudiw/eudi-lib-ios-iso18013-data-model.git",
      "state" : {
        "branch" : "SecureArea",
        "revision" : "79803bd087887726456d55c60b1d01bbc2585bd7"
      }
    },
    {
      "identity" : "swift-collections",
      "kind" : "remoteSourceControl",
      "location" : "https://github.com/apple/swift-collections.git",
      "state" : {
        "revision" : "671108c96644956dddcd89dd59c203dcdb36cec7",
        "version" : "1.1.4"
      }
    },
    {
      "identity" : "swift-log",
      "kind" : "remoteSourceControl",
      "location" : "https://github.com/apple/swift-log.git",
      "state" : {
        "revision" : "9cb486020ebf03bfa5b5df985387a14a98744537",
        "version" : "1.6.1"
      }
    },
    {
      "identity" : "swiftcbor",
      "kind" : "remoteSourceControl",
      "location" : "https://github.com/niscy-eudiw/SwiftCBOR.git",
      "state" : {
        "revision" : "2c8c55273d4c4aae21bb46c2afbae79ee072eff4",
        "version" : "0.6.2"
      }
    }
  ],
  "version" : 3
}
